# This file is automatically @generated by Cargo.
# It is not intended for manual editing.
version = 4

[[package]]
name = "airl-agent"
version = "0.1.0"
dependencies = [
 "airl-contracts",
 "airl-runtime",
 "airl-syntax",
 "airl-types",
]

[[package]]
name = "airl-contracts"
version = "0.1.0"
dependencies = [
 "airl-syntax",
 "airl-types",
]

[[package]]
name = "airl-driver"
version = "0.1.0"
dependencies = [
 "airl-agent",
 "airl-contracts",
 "airl-runtime",
 "airl-syntax",
 "airl-types",
]

[[package]]
name = "airl-runtime"
version = "0.1.0"
dependencies = [
 "airl-contracts",
 "airl-syntax",
 "airl-types",
]

[[package]]
name = "airl-syntax"
version = "0.1.0"

[[package]]
name = "airl-types"
version = "0.1.0"
dependencies = [
 "airl-syntax",
]
